
Microsoft Visual Studio Solution File, Format Version 12.00
# Visual Studio Version 17
VisualStudioVersion = 17.1.32407.343
MinimumVisualStudioVersion = 10.0.40219.1
Project("{FAE04EC0-301F-11D3-BF4B-00C04F79EFBC}") = "lint-test", "lint-test\lint-test.csproj", "{1BAE1E7E-EEBF-4DB7-A094-83730F738BA1}"
EndProject
Global
	GlobalSection(SolutionConfigurationPlatforms) = preSolution
		Debug|Any CPU = Debug|Any CPU
		Release|Any CPU = Release|Any CPU
	EndGlobalSection
	GlobalSection(ProjectConfigurationPlatforms) = postSolution
		{1BAE1E7E-EEBF-4DB7-A094-83730F738BA1}.Debug|Any CPU.ActiveCfg = Debug|Any CPU
		{1BAE1E7E-EEBF-4DB7-A094-83730F738BA1}.Debug|Any CPU.Build.0 = Debug|Any CPU
		{1BAE1E7E-EEBF-4DB7-A094-83730F738BA1}.Release|Any CPU.ActiveCfg = Release|Any CPU
		{1BAE1E7E-EEBF-4DB7-A094-83730F738BA1}.Release|Any CPU.Build.0 = Release|Any CPU
	EndGlobalSection
	GlobalSection(SolutionProperties) = preSolution
		HideSolutionNode = FALSE
	EndGlobalSection
	GlobalSection(ExtensibilityGlobals) = postSolution
		SolutionGuid = {FEC009FB-EAE2-4763-85BA-A631D68F5BC8}
	EndGlobalSection
EndGlobal
